
Microsoft Visual Studio Solution File, Format Version 12.00
# Visual Studio Version 17
VisualStudioVersion = 17.5.002.0
MinimumVisualStudioVersion = 10.0.40219.1
Project("{9A19103F-16F7-4668-BE54-9A1E7A4F7556}") = "ContractChecker", "ContractChecker.csproj", "{5FD1C133-7395-4F75-A1D9-4D3778357329}"
EndProject
Global
	GlobalSection(SolutionConfigurationPlatforms) = preSolution
		Debug|Any CPU = Debug|Any CPU
		Release|Any CPU = Release|Any CPU
	EndGlobalSection
	GlobalSection(ProjectConfigurationPlatforms) = postSolution
		{5FD1C133-7395-4F75-A1D9-4D3778357329}.Debug|Any CPU.ActiveCfg = Debug|Any CPU
		{5FD1C133-7395-4F75-A1D9-4D3778357329}.Debug|Any CPU.Build.0 = Debug|Any CPU
		{5FD1C133-7395-4F75-A1D9-4D3778357329}.Release|Any CPU.ActiveCfg = Release|Any CPU
		{5FD1C133-7395-4F75-A1D9-4D3778357329}.Release|Any CPU.Build.0 = Release|Any CPU
	EndGlobalSection
	GlobalSection(SolutionProperties) = preSolution
		HideSolutionNode = FALSE
	EndGlobalSection
	GlobalSection(ExtensibilityGlobals) = postSolution
		SolutionGuid = {0E1237E4-814A-43ED-B441-01DB64372848}
	EndGlobalSection
EndGlobal
